
Microsoft Visual Studio Solution File, Format Version 12.00
# Visual Studio Version 16
VisualStudioVersion = 16.0.30114.105
MinimumVisualStudioVersion = 10.0.40219.1
Project("{FAE04EC0-301F-11D3-BF4B-00C04F79EFBC}") = "SLACalculator", "SLACalculator\SLACalculator.csproj", "{355A659B-2004-4590-87D6-BF37ADA00D79}"
EndProject
Global
	GlobalSection(SolutionConfigurationPlatforms) = preSolution
		Debug|Any CPU = Debug|Any CPU
		Release|Any CPU = Release|Any CPU
	EndGlobalSection
	GlobalSection(ProjectConfigurationPlatforms) = postSolution
		{355A659B-2004-4590-87D6-BF37ADA00D79}.Debug|Any CPU.ActiveCfg = Debug|Any CPU
		{355A659B-2004-4590-87D6-BF37ADA00D79}.Debug|Any CPU.Build.0 = Debug|Any CPU
		{355A659B-2004-4590-87D6-BF37ADA00D79}.Release|Any CPU.ActiveCfg = Release|Any CPU
		{355A659B-2004-4590-87D6-BF37ADA00D79}.Release|Any CPU.Build.0 = Release|Any CPU
	EndGlobalSection
	GlobalSection(SolutionProperties) = preSolution
		HideSolutionNode = FALSE
	EndGlobalSection
	GlobalSection(ExtensibilityGlobals) = postSolution
		SolutionGuid = {B86F947D-9C16-4337-B5DF-147A3A6EA1C3}
	EndGlobalSection
EndGlobal
