
Microsoft Visual Studio Solution File, Format Version 12.00
# Visual Studio Version 16
VisualStudioVersion = 16.0.30104.148
MinimumVisualStudioVersion = 10.0.40219.1
Project("{9A19103F-16F7-4668-BE54-9A1E7A4F7556}") = "PerfStressWebApp", "PerfStressWebApp\PerfStressWebApp.csproj", "{48B2D073-F5F8-473D-8820-2081804BB00B}"
EndProject
Global
	GlobalSection(SolutionConfigurationPlatforms) = preSolution
		Debug|Any CPU = Debug|Any CPU
		Release|Any CPU = Release|Any CPU
	EndGlobalSection
	GlobalSection(ProjectConfigurationPlatforms) = postSolution
		{48B2D073-F5F8-473D-8820-2081804BB00B}.Debug|Any CPU.ActiveCfg = Debug|Any CPU
		{48B2D073-F5F8-473D-8820-2081804BB00B}.Debug|Any CPU.Build.0 = Debug|Any CPU
		{48B2D073-F5F8-473D-8820-2081804BB00B}.Release|Any CPU.ActiveCfg = Release|Any CPU
		{48B2D073-F5F8-473D-8820-2081804BB00B}.Release|Any CPU.Build.0 = Release|Any CPU
		{EB53BC36-DD77-4360-BE86-081599DBF1D9}.Debug|Any CPU.ActiveCfg = Debug|Any CPU
		{EB53BC36-DD77-4360-BE86-081599DBF1D9}.Debug|Any CPU.Build.0 = Debug|Any CPU
		{EB53BC36-DD77-4360-BE86-081599DBF1D9}.Release|Any CPU.ActiveCfg = Release|Any CPU
		{EB53BC36-DD77-4360-BE86-081599DBF1D9}.Release|Any CPU.Build.0 = Release|Any CPU
	EndGlobalSection
	GlobalSection(SolutionProperties) = preSolution
		HideSolutionNode = FALSE
	EndGlobalSection
	GlobalSection(ExtensibilityGlobals) = postSolution
		SolutionGuid = {DC6F8ADB-80D3-45CC-A728-EAC5D3E32F71}
	EndGlobalSection
EndGlobal
